
Microsoft Visual Studio Solution File, Format Version 12.00
# Visual Studio Version 17
VisualStudioVersion = 17.8.34601.278
MinimumVisualStudioVersion = 10.0.40219.1
Project("{FAE04EC0-301F-11D3-BF4B-00C04F79EFBC}") = "TaxCalculator", "TaxCalculator\TaxCalculator.csproj", "{4C531005-B221-48D8-8061-03DE74779495}"
EndProject
Project("{FAE04EC0-301F-11D3-BF4B-00C04F79EFBC}") = "UnitTestProject", "UnitTestProject\UnitTestProject.csproj", "{2489D554-B1B8-448A-BE85-F2A1D48D99EC}"
EndProject
Global
	GlobalSection(SolutionConfigurationPlatforms) = preSolution
		Debug|Any CPU = Debug|Any CPU
		Release|Any CPU = Release|Any CPU
	EndGlobalSection
	GlobalSection(ProjectConfigurationPlatforms) = postSolution
		{4C531005-B221-48D8-8061-03DE74779495}.Debug|Any CPU.ActiveCfg = Debug|Any CPU
		{4C531005-B221-48D8-8061-03DE74779495}.Debug|Any CPU.Build.0 = Debug|Any CPU
		{4C531005-B221-48D8-8061-03DE74779495}.Release|Any CPU.ActiveCfg = Release|Any CPU
		{4C531005-B221-48D8-8061-03DE74779495}.Release|Any CPU.Build.0 = Release|Any CPU
		{2489D554-B1B8-448A-BE85-F2A1D48D99EC}.Debug|Any CPU.ActiveCfg = Debug|Any CPU
		{2489D554-B1B8-448A-BE85-F2A1D48D99EC}.Debug|Any CPU.Build.0 = Debug|Any CPU
		{2489D554-B1B8-448A-BE85-F2A1D48D99EC}.Release|Any CPU.ActiveCfg = Release|Any CPU
		{2489D554-B1B8-448A-BE85-F2A1D48D99EC}.Release|Any CPU.Build.0 = Release|Any CPU
	EndGlobalSection
	GlobalSection(SolutionProperties) = preSolution
		HideSolutionNode = FALSE
	EndGlobalSection
	GlobalSection(ExtensibilityGlobals) = postSolution
		SolutionGuid = {7D9CA1F1-4045-4A6C-8A6A-2BBBCD64C351}
	EndGlobalSection
EndGlobal
